
Microsoft Visual Studio Solution File, Format Version 12.00
# Visual Studio Version 17
VisualStudioVersion = 17.5.33502.453
MinimumVisualStudioVersion = 10.0.40219.1
Project("{9A19103F-16F7-4668-BE54-9A1E7A4F7556}") = "DisasterRelief.Api", "DisasterRelief.Api\DisasterRelief.Api.csproj", "{C2C9517E-55FB-4B94-8F9F-215D1310D395}"
EndProject
Project("{FAE04EC0-301F-11D3-BF4B-00C04F79EFBC}") = "DisasterRelief.Bussiness", "DisasterRelief.Bussiness\DisasterRelief.Bussiness.csproj", "{1F06EF8B-85CD-43D0-BCE3-2E6B86E3EF21}"
EndProject
Project("{FAE04EC0-301F-11D3-BF4B-00C04F79EFBC}") = "DisasterRelief.DataAccess", "DisasterRelief.DataAccess\DisasterRelief.DataAccess.csproj", "{20DCBCD7-10B1-44CB-80BF-AD4CD1702DDC}"
EndProject
Global
	GlobalSection(SolutionConfigurationPlatforms) = preSolution
		Debug|Any CPU = Debug|Any CPU
		Release|Any CPU = Release|Any CPU
	EndGlobalSection
	GlobalSection(ProjectConfigurationPlatforms) = postSolution
		{C2C9517E-55FB-4B94-8F9F-215D1310D395}.Debug|Any CPU.ActiveCfg = Debug|Any CPU
		{C2C9517E-55FB-4B94-8F9F-215D1310D395}.Debug|Any CPU.Build.0 = Debug|Any CPU
		{C2C9517E-55FB-4B94-8F9F-215D1310D395}.Release|Any CPU.ActiveCfg = Release|Any CPU
		{C2C9517E-55FB-4B94-8F9F-215D1310D395}.Release|Any CPU.Build.0 = Release|Any CPU
		{1F06EF8B-85CD-43D0-BCE3-2E6B86E3EF21}.Debug|Any CPU.ActiveCfg = Debug|Any CPU
		{1F06EF8B-85CD-43D0-BCE3-2E6B86E3EF21}.Debug|Any CPU.Build.0 = Debug|Any CPU
		{1F06EF8B-85CD-43D0-BCE3-2E6B86E3EF21}.Release|Any CPU.ActiveCfg = Release|Any CPU
		{1F06EF8B-85CD-43D0-BCE3-2E6B86E3EF21}.Release|Any CPU.Build.0 = Release|Any CPU
		{20DCBCD7-10B1-44CB-80BF-AD4CD1702DDC}.Debug|Any CPU.ActiveCfg = Debug|Any CPU
		{20DCBCD7-10B1-44CB-80BF-AD4CD1702DDC}.Debug|Any CPU.Build.0 = Debug|Any CPU
		{20DCBCD7-10B1-44CB-80BF-AD4CD1702DDC}.Release|Any CPU.ActiveCfg = Release|Any CPU
		{20DCBCD7-10B1-44CB-80BF-AD4CD1702DDC}.Release|Any CPU.Build.0 = Release|Any CPU
	EndGlobalSection
	GlobalSection(SolutionProperties) = preSolution
		HideSolutionNode = FALSE
	EndGlobalSection
	GlobalSection(ExtensibilityGlobals) = postSolution
		SolutionGuid = {F4745E26-7F87-4268-AC9C-27D0A30C72E6}
	EndGlobalSection
EndGlobal
